<?xml version="1.0" encoding="utf-8"?>
<Project ToolsVersion="4.0" xmlns="http://schemas.microsoft.com/developer/msbuild/2003">
  <ItemGroup>
    <Filter Include="Misc Files">
      <UniqueIdentifier>{4FC737F1-C7A5-4376-A066-2A32D752A2FF}</UniqueIdentifier>
      <Extensions>cpp;c;cxx;def;odl;idl;hpj;bat;asm;asmx;h;hpp;hxx;hm;inl;inc;xsd;rc;ico;cur;bmp;dlg;rc2;rct;bin;rgs;gif;jpg;jpeg;jpe;resx</Extensions>
    </Filter>
    <Filter Include="Generated Files">
      <UniqueIdentifier>{453931e7-45b4-44a8-87af-593e251f939c}</UniqueIdentifier>
      <SourceControlFiles>False</SourceControlFiles>
    </Filter>
    <Filter Include="Toolbar Files">
      <UniqueIdentifier>{67DA6AB6-F800-4c08-8B7A-83BB121AAD01}</UniqueIdentifier>
    </Filter>
    <Filter Include="MainFrame Files">
      <UniqueIdentifier>{93995380-89BD-4b04-88EB-625FBE52EBFB}</UniqueIdentifier>
    </Filter>
    <Filter Include="MainFrame Files\Commands">
      <UniqueIdentifier>{38919e67-0c46-4aba-acc5-7987e926d21f}</UniqueIdentifier>
    </Filter>
    <Filter Include="AppOptionsDlg Files">
      <UniqueIdentifier>{d4e4e825-064d-4179-9091-1aba51b5652e}</UniqueIdentifier>
    </Filter>
    <Filter Include="Layout Files">
      <UniqueIdentifier>{1bd9c5ec-e9fb-4599-a981-98ba9fb2ed80}</UniqueIdentifier>
    </Filter>
    <Filter Include="DesignerCore Files">
      <UniqueIdentifier>{62298b2d-5b74-4f41-bb8b-f9ac98dd1fb2}</UniqueIdentifier>
    </Filter>
    <Filter Include="StartView Files">
      <UniqueIdentifier>{ff316bdf-6a17-4a15-8db9-2028ad58d50a}</UniqueIdentifier>
    </Filter>
    <Filter Include="AutoUpdater Files">
      <UniqueIdentifier>{ab990e70-c98c-48ef-b0ea-e87ce2ff6d97}</UniqueIdentifier>
    </Filter>
  </ItemGroup>
  <ItemGroup>
    <ClCompile Include="RWDesignerCore.cpp">
      <Filter>Misc Files</Filter>
    </ClCompile>
    <ClCompile Include="stdafx.cpp">
      <Filter>Misc Files</Filter>
    </ClCompile>
    <ClCompile Include="RWDesignerCore_i.c">
      <Filter>Generated Files</Filter>
    </ClCompile>
    <ClCompile Include="DesignerViewFactoryToolbar.cpp">
      <Filter>Toolbar Files</Filter>
    </ClCompile>
    <ClCompile Include="DesignerViewToolbar.cpp">
      <Filter>Toolbar Files</Filter>
    </ClCompile>
    <ClCompile Include="MenuCommandsToolbar.cpp">
      <Filter>Toolbar Files</Filter>
    </ClCompile>
    <ClCompile Include="SharedStateToolbar.cpp">
      <Filter>Toolbar Files</Filter>
    </ClCompile>
    <ClCompile Include="MainFrame.cpp">
      <Filter>MainFrame Files</Filter>
    </ClCompile>
    <ClCompile Include="TabbedMainFrame.cpp">
      <Filter>MainFrame Files</Filter>
    </ClCompile>
    <ClCompile Include="TabbedPage.cpp">
      <Filter>MainFrame Files</Filter>
    </ClCompile>
    <ClCompile Include="DesignerFrameMenuCommandsManager.cpp">
      <Filter>MainFrame Files\Commands</Filter>
    </ClCompile>
    <ClCompile Include="GlobalConfigMainFrame.cpp">
      <Filter>AppOptionsDlg Files</Filter>
    </ClCompile>
    <ClCompile Include="DesignerCore.cpp">
      <Filter>DesignerCore Files</Filter>
    </ClCompile>
    <ClCompile Include="TabbedWindowThread.cpp">
      <Filter>DesignerCore Files</Filter>
    </ClCompile>
    <ClCompile Include="WindowThread.cpp">
      <Filter>DesignerCore Files</Filter>
    </ClCompile>
    <ClCompile Include="DesignerViewWndStart.cpp">
      <Filter>StartView Files</Filter>
    </ClCompile>
    <ClCompile Include="NewFileDlg.cpp">
      <Filter>StartView Files</Filter>
    </ClCompile>
    <ClCompile Include="OpenFileDlg.cpp">
      <Filter>StartView Files</Filter>
    </ClCompile>
    <ClCompile Include="RecentFileDlg.cpp">
      <Filter>StartView Files</Filter>
    </ClCompile>
    <ClCompile Include="StartPageOnline.cpp">
      <Filter>StartView Files</Filter>
    </ClCompile>
    <ClCompile Include="AutoUpdater.cpp">
      <Filter>AutoUpdater Files</Filter>
    </ClCompile>
  </ItemGroup>
  <ItemGroup>
    <ClInclude Include="resource.h">
      <Filter>Misc Files</Filter>
    </ClInclude>
    <ClInclude Include="RWVersion.h">
      <Filter>Misc Files</Filter>
    </ClInclude>
    <ClInclude Include="stdafx.h">
      <Filter>Misc Files</Filter>
    </ClInclude>
    <ClInclude Include="ConfigGUIItem.h">
      <Filter>Toolbar Files</Filter>
    </ClInclude>
    <ClInclude Include="ConfigGUIToolbar.h">
      <Filter>Toolbar Files</Filter>
    </ClInclude>
    <ClInclude Include="ConfigIDsToolbar.h">
      <Filter>Toolbar Files</Filter>
    </ClInclude>
    <ClInclude Include="DesignerViewFactoryToolbar.h">
      <Filter>Toolbar Files</Filter>
    </ClInclude>
    <ClInclude Include="DesignerViewToolbar.h">
      <Filter>Toolbar Files</Filter>
    </ClInclude>
    <ClInclude Include="MenuCommandsToolbar.h">
      <Filter>Toolbar Files</Filter>
    </ClInclude>
    <ClInclude Include="SharedStateToolbar.h">
      <Filter>Toolbar Files</Filter>
    </ClInclude>
    <ClInclude Include="ClipboardViewer.h">
      <Filter>MainFrame Files</Filter>
    </ClInclude>
    <ClInclude Include="ConfigIDsApp.h">
      <Filter>MainFrame Files</Filter>
    </ClInclude>
    <ClInclude Include="DesignerFrameOperationManager.h">
      <Filter>MainFrame Files</Filter>
    </ClInclude>
    <ClInclude Include="DesignerFrameViewManager.h">
      <Filter>MainFrame Files</Filter>
    </ClInclude>
    <ClInclude Include="DesignerViewStatusBar.h">
      <Filter>MainFrame Files</Filter>
    </ClInclude>
    <ClInclude Include="MainFrame.h">
      <Filter>MainFrame Files</Filter>
    </ClInclude>
    <ClInclude Include="MenuContainer.h">
      <Filter>MainFrame Files</Filter>
    </ClInclude>
    <ClInclude Include="TabbedMainFrame.h">
      <Filter>MainFrame Files</Filter>
    </ClInclude>
    <ClInclude Include="TabbedPage.h">
      <Filter>MainFrame Files</Filter>
    </ClInclude>
    <ClInclude Include="DesignerFrameMenuCommandsManager.h">
      <Filter>MainFrame Files\Commands</Filter>
    </ClInclude>
    <ClInclude Include="MenuCommandsEdit.h">
      <Filter>MainFrame Files\Commands</Filter>
    </ClInclude>
    <ClInclude Include="MenuCommandsFile.h">
      <Filter>MainFrame Files\Commands</Filter>
    </ClInclude>
    <ClInclude Include="MenuCommandsHelp.h">
      <Filter>MainFrame Files\Commands</Filter>
    </ClInclude>
    <ClInclude Include="MenuCommandsMisc.h">
      <Filter>MainFrame Files\Commands</Filter>
    </ClInclude>
    <ClInclude Include="MenuCommandsTools.h">
      <Filter>MainFrame Files\Commands</Filter>
    </ClInclude>
    <ClInclude Include="MenuCommandsView.h">
      <Filter>MainFrame Files\Commands</Filter>
    </ClInclude>
    <ClInclude Include="GlobalConfigMainFrame.h">
      <Filter>AppOptionsDlg Files</Filter>
    </ClInclude>
    <ClInclude Include="GlobalOptionsDlg.h">
      <Filter>AppOptionsDlg Files</Filter>
    </ClInclude>
    <ClInclude Include="ConfigFrameDlg.h">
      <Filter>Layout Files</Filter>
    </ClInclude>
    <ClInclude Include="ConfigGUILayout.h">
      <Filter>Layout Files</Filter>
    </ClInclude>
    <ClInclude Include="ManageConfigurableItemsDlg.h">
      <Filter>Layout Files</Filter>
    </ClInclude>
    <ClInclude Include="DesignerCore.h">
      <Filter>DesignerCore Files</Filter>
    </ClInclude>
    <ClInclude Include="FatalErrorDlg.h">
      <Filter>DesignerCore Files</Filter>
    </ClInclude>
    <ClInclude Include="TabbedWindowThread.h">
      <Filter>DesignerCore Files</Filter>
    </ClInclude>
    <ClInclude Include="ThreadCommand.h">
      <Filter>DesignerCore Files</Filter>
    </ClInclude>
    <ClInclude Include="WindowThread.h">
      <Filter>DesignerCore Files</Filter>
    </ClInclude>
    <ClInclude Include="DesignerViewWndStart.h">
      <Filter>StartView Files</Filter>
    </ClInclude>
    <ClInclude Include="NewFileDlg.h">
      <Filter>StartView Files</Filter>
    </ClInclude>
    <ClInclude Include="OpenAsChoices.h">
      <Filter>StartView Files</Filter>
    </ClInclude>
    <ClInclude Include="OpenFileDlg.h">
      <Filter>StartView Files</Filter>
    </ClInclude>
    <ClInclude Include="RecentFileDlg.h">
      <Filter>StartView Files</Filter>
    </ClInclude>
    <ClInclude Include="RecentFiles.h">
      <Filter>StartView Files</Filter>
    </ClInclude>
    <ClInclude Include="StartPageOnline.h">
      <Filter>StartView Files</Filter>
    </ClInclude>
    <ClInclude Include="AutoUpdater.h">
      <Filter>AutoUpdater Files</Filter>
    </ClInclude>
    <ClInclude Include="AbbreviateName.h">
      <Filter>MainFrame Files</Filter>
    </ClInclude>
    <ClInclude Include="..\_inc\StartViewWnd.h">
      <Filter>Misc Files</Filter>
    </ClInclude>
  </ItemGroup>
  <ItemGroup>
    <None Include="RWDesignerCore.def">
      <Filter>Misc Files</Filter>
    </None>
    <None Include="DefaultMenu.bin">
      <Filter>MainFrame Files</Filter>
    </None>
    <None Include="offline0409.html">
      <Filter>StartView Files</Filter>
    </None>
    <None Include="..\..\_www\start">
      <Filter>StartView Files</Filter>
    </None>
    <None Include="..\..\_www\start-langcache.php">
      <Filter>StartView Files</Filter>
    </None>
  </ItemGroup>
  <ItemGroup>
    <ResourceCompile Include="RWDesignerCore.rc">
      <Filter>Misc Files</Filter>
    </ResourceCompile>
  </ItemGroup>
  <ItemGroup>
    <Image Include="MainFrame.ico">
      <Filter>MainFrame Files</Filter>
    </Image>
    <Image Include="Watermark.png">
      <Filter>StartView Files</Filter>
    </Image>
  </ItemGroup>
  <ItemGroup>
    <Midl Include="..\_inc\RWDesignerCore.idl">
      <Filter>Misc Files</Filter>
    </Midl>
  </ItemGroup>
</Project>