<?xml version="1.0" encoding="utf-8"?>
<Project ToolsVersion="4.0" xmlns="http://schemas.microsoft.com/developer/msbuild/2003">
  <ItemGroup>
    <Filter Include="Misc Files">
      <UniqueIdentifier>{4FC737F1-C7A5-4376-A066-2A32D752A2FF}</UniqueIdentifier>
      <Extensions>cpp;c;cxx;def;odl;idl;hpj;bat;asm;asmx;h;hpp;hxx;hm;inl;inc;xsd;rc;ico;cur;bmp;dlg;rc2;rct;bin;rgs;gif;jpg;jpeg;jpe;resx</Extensions>
    </Filter>
    <Filter Include="Generated Files">
      <UniqueIdentifier>{252b4eca-4414-423c-a846-d0ca2dc07d1f}</UniqueIdentifier>
      <SourceControlFiles>False</SourceControlFiles>
    </Filter>
    <Filter Include="_inc">
      <UniqueIdentifier>{5f3397a0-acc6-4423-b069-3a1042cd3d50}</UniqueIdentifier>
    </Filter>
  </ItemGroup>
  <ItemGroup>
    <ClCompile Include="RWConceptStructuredData.cpp">
      <Filter>Misc Files</Filter>
    </ClCompile>
    <ClCompile Include="stdafx.cpp">
      <Filter>Misc Files</Filter>
    </ClCompile>
    <ClCompile Include="RWConceptStructuredData_i.c">
      <Filter>Generated Files</Filter>
    </ClCompile>
  </ItemGroup>
  <ItemGroup>
    <ClInclude Include="RWVersion.h">
      <Filter>Misc Files</Filter>
    </ClInclude>
    <ClInclude Include="stdafx.h">
      <Filter>Misc Files</Filter>
    </ClInclude>
    <ClInclude Include="resource.h">
      <Filter>Misc Files</Filter>
    </ClInclude>
    <ClInclude Include="..\_inc\RWConceptStructuredDataUtils.h">
      <Filter>_inc</Filter>
    </ClInclude>
  </ItemGroup>
  <ItemGroup>
    <None Include="RWConceptStructuredData.def">
      <Filter>Misc Files</Filter>
    </None>
  </ItemGroup>
  <ItemGroup>
    <ResourceCompile Include="RWConceptStructuredData.rc">
      <Filter>Misc Files</Filter>
    </ResourceCompile>
  </ItemGroup>
  <ItemGroup>
    <Midl Include="..\_inc\RWConceptStructuredData.idl">
      <Filter>_inc</Filter>
    </Midl>
  </ItemGroup>
</Project>