<?xml version="1.0" encoding="utf-8"?>
<Project ToolsVersion="4.0" xmlns="http://schemas.microsoft.com/developer/msbuild/2003">
  <ItemGroup>
    <Filter Include="OperationJScript Files">
      <UniqueIdentifier>{4FC737F1-C7A5-4376-A066-2A32D752A2FF}</UniqueIdentifier>
    </Filter>
    <Filter Include="Misc Files">
      <UniqueIdentifier>{93995380-89BD-4b04-88EB-625FBE52EBFB}</UniqueIdentifier>
      <Extensions>h;hpp;hxx;hm;inl;inc;xsd;cpp;c;cc;cxx;def;odl;idl;hpj;bat;asm;asmx;rc;ico;cur;bmp;dlg;rc2;rct;bin;rgs;gif;jpg;jpeg;jpe;resx;tiff;tif;png;wav</Extensions>
    </Filter>
    <Filter Include="ScriptingManager Files">
      <UniqueIdentifier>{67DA6AB6-F800-4c08-8B7A-83BB121AAD01}</UniqueIdentifier>
      <Extensions>rc;ico;cur;bmp;dlg;rc2;rct;bin;rgs;gif;jpg;jpeg;jpe;resx;tiff;tif;png;wav</Extensions>
    </Filter>
    <Filter Include="Generated Files">
      <UniqueIdentifier>{b2e9e44c-2c88-4856-ac60-707315dcb77a}</UniqueIdentifier>
      <SourceControlFiles>False</SourceControlFiles>
    </Filter>
    <Filter Include="ScriptingBasics Files">
      <UniqueIdentifier>{48f8cfff-83a6-411c-92fa-d273d8db2a11}</UniqueIdentifier>
    </Filter>
    <Filter Include="TransformationJScript Files">
      <UniqueIdentifier>{d0f23af1-72e8-4436-b146-4f3b37290b64}</UniqueIdentifier>
    </Filter>
  </ItemGroup>
  <ItemGroup>
    <ClInclude Include="ConfigGUIJScript.h">
      <Filter>OperationJScript Files</Filter>
    </ClInclude>
    <ClInclude Include="DocumentOperationJScript.h">
      <Filter>OperationJScript Files</Filter>
    </ClInclude>
    <ClInclude Include="RWActiveScriptingSite.h">
      <Filter>OperationJScript Files</Filter>
    </ClInclude>
    <ClInclude Include="RWVersion.h">
      <Filter>Misc Files</Filter>
    </ClInclude>
    <ClInclude Include="stdafx.h">
      <Filter>Misc Files</Filter>
    </ClInclude>
    <ClInclude Include="ScriptingInterfaceManager.h">
      <Filter>ScriptingManager Files</Filter>
    </ClInclude>
    <ClInclude Include="RWScripting_i.h">
      <Filter>Generated Files</Filter>
    </ClInclude>
    <ClInclude Include="ScriptedApplication.h">
      <Filter>ScriptingBasics Files</Filter>
    </ClInclude>
    <ClInclude Include="ScriptedConfiguration.h">
      <Filter>ScriptingBasics Files</Filter>
    </ClInclude>
    <ClInclude Include="ScriptedContext.h">
      <Filter>ScriptingBasics Files</Filter>
    </ClInclude>
    <ClInclude Include="ScriptedDocument.h">
      <Filter>ScriptingBasics Files</Filter>
    </ClInclude>
    <ClInclude Include="ScriptedOperation.h">
      <Filter>ScriptingBasics Files</Filter>
    </ClInclude>
    <ClInclude Include="ScriptingInterfaceBasics.h">
      <Filter>ScriptingBasics Files</Filter>
    </ClInclude>
    <ClInclude Include="DocumentTransformationJScript.h">
      <Filter>TransformationJScript Files</Filter>
    </ClInclude>
    <ClInclude Include="resource.h">
      <Filter>Misc Files</Filter>
    </ClInclude>
  </ItemGroup>
  <ItemGroup>
    <ClCompile Include="DocumentOperationJScript.cpp">
      <Filter>OperationJScript Files</Filter>
    </ClCompile>
    <ClCompile Include="RWScripting.cpp">
      <Filter>Misc Files</Filter>
    </ClCompile>
    <ClCompile Include="stdafx.cpp">
      <Filter>Misc Files</Filter>
    </ClCompile>
    <ClCompile Include="ScriptingInterfaceManager.cpp">
      <Filter>ScriptingManager Files</Filter>
    </ClCompile>
    <ClCompile Include="RWScripting_i.c">
      <Filter>Generated Files</Filter>
    </ClCompile>
    <ClCompile Include="ScriptingInterfaceBasics.cpp">
      <Filter>ScriptingBasics Files</Filter>
    </ClCompile>
    <ClCompile Include="DocumentTransformationJScript.cpp">
      <Filter>TransformationJScript Files</Filter>
    </ClCompile>
  </ItemGroup>
  <ItemGroup>
    <None Include="RWScripting.def">
      <Filter>Misc Files</Filter>
    </None>
  </ItemGroup>
  <ItemGroup>
    <ResourceCompile Include="RWScripting.rc">
      <Filter>Misc Files</Filter>
    </ResourceCompile>
  </ItemGroup>
  <ItemGroup>
    <Midl Include="..\_inc\RWScripting.idl" />
  </ItemGroup>
</Project>