<?xml version="1.0" encoding="utf-8"?>
<Project ToolsVersion="4.0" xmlns="http://schemas.microsoft.com/developer/msbuild/2003">
  <ItemGroup>
    <Filter Include="Shared Files">
      <UniqueIdentifier>{4FC737F1-C7A5-4376-A066-2A32D752A2FF}</UniqueIdentifier>
    </Filter>
    <Filter Include="Misc Files">
      <UniqueIdentifier>{93995380-89BD-4b04-88EB-625FBE52EBFB}</UniqueIdentifier>
      <Extensions>h;hpp;hxx;hm;inl;inc;xsd;cpp;c;cc;cxx;def;odl;idl;hpj;bat;asm;asmx;rc;ico;cur;bmp;dlg;rc2;rct;bin;rgs;gif;jpg;jpeg;jpe;resx;tiff;tif;png;wav</Extensions>
    </Filter>
    <Filter Include="Translator Files">
      <UniqueIdentifier>{67DA6AB6-F800-4c08-8B7A-83BB121AAD01}</UniqueIdentifier>
    </Filter>
  </ItemGroup>
  <ItemGroup>
    <ClInclude Include="RWVersion.h">
      <Filter>Misc Files</Filter>
    </ClInclude>
    <ClInclude Include="stdafx.h">
      <Filter>Misc Files</Filter>
    </ClInclude>
    <ClInclude Include="ConfigGUITranslator.h">
      <Filter>Translator Files</Filter>
    </ClInclude>
    <ClInclude Include="Translator.h">
      <Filter>Translator Files</Filter>
    </ClInclude>
    <ClInclude Include="resource.h">
      <Filter>Misc Files</Filter>
    </ClInclude>
    <ClInclude Include="..\_inc\RWLocalization.h" />
    <ClInclude Include="..\_inc\SharedStringTable.h">
      <Filter>Shared Files</Filter>
    </ClInclude>
    <ClInclude Include="..\_inc\SimpleLocalizedString.h">
      <Filter>Shared Files</Filter>
    </ClInclude>
    <ClInclude Include="..\_inc\MultiLanguageString.h">
      <Filter>Shared Files</Filter>
    </ClInclude>
    <ClInclude Include="..\_inc\PrintfLocalizedString.h">
      <Filter>Shared Files</Filter>
    </ClInclude>
    <ClInclude Include="..\_inc\Win32LangEx.h">
      <Filter>Shared Files</Filter>
    </ClInclude>
  </ItemGroup>
  <ItemGroup>
    <ClCompile Include="RWLocalization.cpp">
      <Filter>Misc Files</Filter>
    </ClCompile>
    <ClCompile Include="stdafx.cpp">
      <Filter>Misc Files</Filter>
    </ClCompile>
    <ClCompile Include="Translator.cpp">
      <Filter>Translator Files</Filter>
    </ClCompile>
  </ItemGroup>
  <ItemGroup>
    <None Include="RWLocalization.def">
      <Filter>Misc Files</Filter>
    </None>
  </ItemGroup>
  <ItemGroup>
    <ResourceCompile Include="RWLocalization.rc">
      <Filter>Misc Files</Filter>
    </ResourceCompile>
  </ItemGroup>
  <ItemGroup>
    <Image Include="Lang0405.ico">
      <Filter>Translator Files</Filter>
    </Image>
    <Image Include="Lang0409.ico">
      <Filter>Translator Files</Filter>
    </Image>
  </ItemGroup>
</Project>